// !$*UTF8*$!
{
	archiveVersion = 1;
	classes = {
	};
	objectVersion = 46;
	objects = {

/* Begin PBXAggregateTarget section */
		BF6DBD8C1C109BD100FC37E0 /* universal */ = {
			isa = PBXAggregateTarget;
			buildConfigurationList = BF6DBD8D1C109BD100FC37E0 /* Build configuration list for PBXAggregateTarget "universal" */;
			buildPhases = (
				BF6DBD901C109BED00FC37E0 /* ShellScript */,
			);
			dependencies = (
			);
			name = universal;
			productName = universal;
		};
/* End PBXAggregateTarget section */

/* Begin PBXBuildFile section */
		D5A7EB4921FEFE12007BA30D /* AppDelegate.m in Sources */ = {isa = PBXBuildFile; fileRef = D5A7EB4821FEFE12007BA30D /* AppDelegate.m */; };
		D5A7EB4C21FEFE12007BA30D /* ViewController.m in Sources */ = {isa = PBXBuildFile; fileRef = D5A7EB4B21FEFE12007BA30D /* ViewController.m */; };
		D5A7EB4F21FEFE12007BA30D /* Main.storyboard in Resources */ = {isa = PBXBuildFile; fileRef = D5A7EB4D21FEFE12007BA30D /* Main.storyboard */; };
		D5A7EB5121FEFE13007BA30D /* Assets.xcassets in Resources */ = {isa = PBXBuildFile; fileRef = D5A7EB5021FEFE13007BA30D /* Assets.xcassets */; };
		D5A7EB5421FEFE13007BA30D /* LaunchScreen.storyboard in Resources */ = {isa = PBXBuildFile; fileRef = D5A7EB5221FEFE13007BA30D /* LaunchScreen.storyboard */; };
		D5A7EB5721FEFE13007BA30D /* main.m in Sources */ = {isa = PBXBuildFile; fileRef = D5A7EB5621FEFE13007BA30D /* main.m */; };
		D5CF8E7A2210D2E70076D5B2 /* UIBezierPath+Text.m in Sources */ = {isa = PBXBuildFile; fileRef = D5CF8E5F2210D2E60076D5B2 /* UIBezierPath+Text.m */; };
		D5CF8E7B2210D2E70076D5B2 /* Drawing-Block.m in Sources */ = {isa = PBXBuildFile; fileRef = D5CF8E602210D2E60076D5B2 /* Drawing-Block.m */; };
		D5CF8E7C2210D2E70076D5B2 /* ImageUtils.m in Sources */ = {isa = PBXBuildFile; fileRef = D5CF8E672210D2E60076D5B2 /* ImageUtils.m */; };
		D5CF8E7D2210D2E70076D5B2 /* Drawing-Text.m in Sources */ = {isa = PBXBuildFile; fileRef = D5CF8E692210D2E60076D5B2 /* Drawing-Text.m */; };
		D5CF8E7E2210D2E70076D5B2 /* Drawing-Util.m in Sources */ = {isa = PBXBuildFile; fileRef = D5CF8E6A2210D2E60076D5B2 /* Drawing-Util.m */; };
		D5CF8E7F2210D2E70076D5B2 /* BezierElement.m in Sources */ = {isa = PBXBuildFile; fileRef = D5CF8E6C2210D2E60076D5B2 /* BezierElement.m */; };
		D5CF8E802210D2E70076D5B2 /* Drawing-Gradient.m in Sources */ = {isa = PBXBuildFile; fileRef = D5CF8E6E2210D2E60076D5B2 /* Drawing-Gradient.m */; };
		D5CF8E812210D2E70076D5B2 /* BezierFunctions.m in Sources */ = {isa = PBXBuildFile; fileRef = D5CF8E712210D2E70076D5B2 /* BezierFunctions.m */; };
		D5CF8E822210D2E70076D5B2 /* BaseGeometry.m in Sources */ = {isa = PBXBuildFile; fileRef = D5CF8E722210D2E70076D5B2 /* BaseGeometry.m */; };
		D5CF8E832210D2E70076D5B2 /* Utility.m in Sources */ = {isa = PBXBuildFile; fileRef = D5CF8E752210D2E70076D5B2 /* Utility.m */; };
		D5CF8E842210D2E70076D5B2 /* BezierUtils.m in Sources */ = {isa = PBXBuildFile; fileRef = D5CF8E772210D2E70076D5B2 /* BezierUtils.m */; };
		D5CF8E852210D2E70076D5B2 /* UIBezierPath+Elements.m in Sources */ = {isa = PBXBuildFile; fileRef = D5CF8E792210D2E70076D5B2 /* UIBezierPath+Elements.m */; };
		D5CF8E862210D3010076D5B2 /* Utility.h in CopyFiles */ = {isa = PBXBuildFile; fileRef = D5CF8E762210D2E70076D5B2 /* Utility.h */; };
		D5CF8E872210D30C0076D5B2 /* BaseGeometry.h in CopyFiles */ = {isa = PBXBuildFile; fileRef = D5CF8E632210D2E60076D5B2 /* BaseGeometry.h */; };
		D5CF8E882210D30C0076D5B2 /* Bezier.h in CopyFiles */ = {isa = PBXBuildFile; fileRef = D5CF8E662210D2E60076D5B2 /* Bezier.h */; };
		D5CF8E892210D30C0076D5B2 /* BezierElement.h in CopyFiles */ = {isa = PBXBuildFile; fileRef = D5CF8E612210D2E60076D5B2 /* BezierElement.h */; };
		D5CF8E8A2210D30C0076D5B2 /* BezierFunctions.h in CopyFiles */ = {isa = PBXBuildFile; fileRef = D5CF8E622210D2E60076D5B2 /* BezierFunctions.h */; };
		D5CF8E8B2210D30C0076D5B2 /* BezierUtils.h in CopyFiles */ = {isa = PBXBuildFile; fileRef = D5CF8E732210D2E70076D5B2 /* BezierUtils.h */; };
		D5CF8E8C2210D30C0076D5B2 /* Drawing-Block.h in CopyFiles */ = {isa = PBXBuildFile; fileRef = D5CF8E682210D2E60076D5B2 /* Drawing-Block.h */; };
		D5CF8E8D2210D30C0076D5B2 /* Drawing-Gradient.h in CopyFiles */ = {isa = PBXBuildFile; fileRef = D5CF8E702210D2E60076D5B2 /* Drawing-Gradient.h */; };
		D5CF8E8E2210D30C0076D5B2 /* Drawing-Text.h in CopyFiles */ = {isa = PBXBuildFile; fileRef = D5CF8E652210D2E60076D5B2 /* Drawing-Text.h */; };
		D5CF8E8F2210D30C0076D5B2 /* Drawing-Util.h in CopyFiles */ = {isa = PBXBuildFile; fileRef = D5CF8E642210D2E60076D5B2 /* Drawing-Util.h */; };
		D5CF8E902210D30C0076D5B2 /* ImageUtils.h in CopyFiles */ = {isa = PBXBuildFile; fileRef = D5CF8E6F2210D2E60076D5B2 /* ImageUtils.h */; };
		D5CF8E912210D30C0076D5B2 /* UIBezierPath+Elements.h in CopyFiles */ = {isa = PBXBuildFile; fileRef = D5CF8E742210D2E70076D5B2 /* UIBezierPath+Elements.h */; };
		D5CF8E922210D30C0076D5B2 /* UIBezierPath+Text.h in CopyFiles */ = {isa = PBXBuildFile; fileRef = D5CF8E6D2210D2E60076D5B2 /* UIBezierPath+Text.h */; };
/* End PBXBuildFile section */

/* Begin PBXCopyFilesBuildPhase section */
		BF6DBD7E1C109B9800FC37E0 /* CopyFiles */ = {
			isa = PBXCopyFilesBuildPhase;
			buildActionMask = 2147483647;
			dstPath = "include/$(PRODUCT_NAME)";
			dstSubfolderSpec = 16;
			files = (
				D5CF8E872210D30C0076D5B2 /* BaseGeometry.h in CopyFiles */,
				D5CF8E882210D30C0076D5B2 /* Bezier.h in CopyFiles */,
				D5CF8E892210D30C0076D5B2 /* BezierElement.h in CopyFiles */,
				D5CF8E8A2210D30C0076D5B2 /* BezierFunctions.h in CopyFiles */,
				D5CF8E8B2210D30C0076D5B2 /* BezierUtils.h in CopyFiles */,
				D5CF8E8C2210D30C0076D5B2 /* Drawing-Block.h in CopyFiles */,
				D5CF8E8D2210D30C0076D5B2 /* Drawing-Gradient.h in CopyFiles */,
				D5CF8E8E2210D30C0076D5B2 /* Drawing-Text.h in CopyFiles */,
				D5CF8E8F2210D30C0076D5B2 /* Drawing-Util.h in CopyFiles */,
				D5CF8E902210D30C0076D5B2 /* ImageUtils.h in CopyFiles */,
				D5CF8E912210D30C0076D5B2 /* UIBezierPath+Elements.h in CopyFiles */,
				D5CF8E922210D30C0076D5B2 /* UIBezierPath+Text.h in CopyFiles */,
				D5CF8E862210D3010076D5B2 /* Utility.h in CopyFiles */,
			);
			runOnlyForDeploymentPostprocessing = 0;
		};
/* End PBXCopyFilesBuildPhase section */

/* Begin PBXFileReference section */
		BF42575A1C16EEAB00E15E71 /* Info.plist */ = {isa = PBXFileReference; lastKnownFileType = file.bplist; path = Info.plist; sourceTree = "<group>"; };
		BF42575B1C16F61E00E15E71 /* module.modulemap */ = {isa = PBXFileReference; lastKnownFileType = "sourcecode.module-map"; path = module.modulemap; sourceTree = "<group>"; };
		BF6DBD801C109B9800FC37E0 /* libCanvas.a */ = {isa = PBXFileReference; explicitFileType = archive.ar; includeInIndex = 0; path = libCanvas.a; sourceTree = BUILT_PRODUCTS_DIR; };
		D5A7EB4521FEFE12007BA30D /* CanvasTestApp.app */ = {isa = PBXFileReference; explicitFileType = wrapper.application; includeInIndex = 0; path = CanvasTestApp.app; sourceTree = BUILT_PRODUCTS_DIR; };
		D5A7EB4721FEFE12007BA30D /* AppDelegate.h */ = {isa = PBXFileReference; lastKnownFileType = sourcecode.c.h; path = AppDelegate.h; sourceTree = "<group>"; };
		D5A7EB4821FEFE12007BA30D /* AppDelegate.m */ = {isa = PBXFileReference; lastKnownFileType = sourcecode.c.objc; path = AppDelegate.m; sourceTree = "<group>"; };
		D5A7EB4A21FEFE12007BA30D /* ViewController.h */ = {isa = PBXFileReference; lastKnownFileType = sourcecode.c.h; path = ViewController.h; sourceTree = "<group>"; };
		D5A7EB4B21FEFE12007BA30D /* ViewController.m */ = {isa = PBXFileReference; lastKnownFileType = sourcecode.c.objc; path = ViewController.m; sourceTree = "<group>"; };
		D5A7EB4E21FEFE12007BA30D /* Base */ = {isa = PBXFileReference; lastKnownFileType = file.storyboard; name = Base; path = Base.lproj/Main.storyboard; sourceTree = "<group>"; };
		D5A7EB5021FEFE13007BA30D /* Assets.xcassets */ = {isa = PBXFileReference; lastKnownFileType = folder.assetcatalog; path = Assets.xcassets; sourceTree = "<group>"; };
		D5A7EB5321FEFE13007BA30D /* Base */ = {isa = PBXFileReference; lastKnownFileType = file.storyboard; name = Base; path = Base.lproj/LaunchScreen.storyboard; sourceTree = "<group>"; };
		D5A7EB5521FEFE13007BA30D /* Info.plist */ = {isa = PBXFileReference; lastKnownFileType = text.plist.xml; path = Info.plist; sourceTree = "<group>"; };
		D5A7EB5621FEFE13007BA30D /* main.m */ = {isa = PBXFileReference; lastKnownFileType = sourcecode.c.objc; path = main.m; sourceTree = "<group>"; };
		D5CF8E5F2210D2E60076D5B2 /* UIBezierPath+Text.m */ = {isa = PBXFileReference; fileEncoding = 4; lastKnownFileType = sourcecode.c.objc; path = "UIBezierPath+Text.m"; sourceTree = "<group>"; };
		D5CF8E602210D2E60076D5B2 /* Drawing-Block.m */ = {isa = PBXFileReference; fileEncoding = 4; lastKnownFileType = sourcecode.c.objc; path = "Drawing-Block.m"; sourceTree = "<group>"; };
		D5CF8E612210D2E60076D5B2 /* BezierElement.h */ = {isa = PBXFileReference; fileEncoding = 4; lastKnownFileType = sourcecode.c.h; path = BezierElement.h; sourceTree = "<group>"; };
		D5CF8E622210D2E60076D5B2 /* BezierFunctions.h */ = {isa = PBXFileReference; fileEncoding = 4; lastKnownFileType = sourcecode.c.h; path = BezierFunctions.h; sourceTree = "<group>"; };
		D5CF8E632210D2E60076D5B2 /* BaseGeometry.h */ = {isa = PBXFileReference; fileEncoding = 4; lastKnownFileType = sourcecode.c.h; path = BaseGeometry.h; sourceTree = "<group>"; };
		D5CF8E642210D2E60076D5B2 /* Drawing-Util.h */ = {isa = PBXFileReference; fileEncoding = 4; lastKnownFileType = sourcecode.c.h; path = "Drawing-Util.h"; sourceTree = "<group>"; };
		D5CF8E652210D2E60076D5B2 /* Drawing-Text.h */ = {isa = PBXFileReference; fileEncoding = 4; lastKnownFileType = sourcecode.c.h; path = "Drawing-Text.h"; sourceTree = "<group>"; };
		D5CF8E662210D2E60076D5B2 /* Bezier.h */ = {isa = PBXFileReference; fileEncoding = 4; lastKnownFileType = sourcecode.c.h; path = Bezier.h; sourceTree = "<group>"; };
		D5CF8E672210D2E60076D5B2 /* ImageUtils.m */ = {isa = PBXFileReference; fileEncoding = 4; lastKnownFileType = sourcecode.c.objc; path = ImageUtils.m; sourceTree = "<group>"; };
		D5CF8E682210D2E60076D5B2 /* Drawing-Block.h */ = {isa = PBXFileReference; fileEncoding = 4; lastKnownFileType = sourcecode.c.h; path = "Drawing-Block.h"; sourceTree = "<group>"; };
		D5CF8E692210D2E60076D5B2 /* Drawing-Text.m */ = {isa = PBXFileReference; fileEncoding = 4; lastKnownFileType = sourcecode.c.objc; path = "Drawing-Text.m"; sourceTree = "<group>"; };
		D5CF8E6A2210D2E60076D5B2 /* Drawing-Util.m */ = {isa = PBXFileReference; fileEncoding = 4; lastKnownFileType = sourcecode.c.objc; path = "Drawing-Util.m"; sourceTree = "<group>"; };
		D5CF8E6B2210D2E60076D5B2 /* Info.plist */ = {isa = PBXFileReference; lastKnownFileType = file.bplist; path = Info.plist; sourceTree = "<group>"; };
		D5CF8E6C2210D2E60076D5B2 /* BezierElement.m */ = {isa = PBXFileReference; fileEncoding = 4; lastKnownFileType = sourcecode.c.objc; path = BezierElement.m; sourceTree = "<group>"; };
		D5CF8E6D2210D2E60076D5B2 /* UIBezierPath+Text.h */ = {isa = PBXFileReference; fileEncoding = 4; lastKnownFileType = sourcecode.c.h; path = "UIBezierPath+Text.h"; sourceTree = "<group>"; };
		D5CF8E6E2210D2E60076D5B2 /* Drawing-Gradient.m */ = {isa = PBXFileReference; fileEncoding = 4; lastKnownFileType = sourcecode.c.objc; path = "Drawing-Gradient.m"; sourceTree = "<group>"; };
		D5CF8E6F2210D2E60076D5B2 /* ImageUtils.h */ = {isa = PBXFileReference; fileEncoding = 4; lastKnownFileType = sourcecode.c.h; path = ImageUtils.h; sourceTree = "<group>"; };
		D5CF8E702210D2E60076D5B2 /* Drawing-Gradient.h */ = {isa = PBXFileReference; fileEncoding = 4; lastKnownFileType = sourcecode.c.h; path = "Drawing-Gradient.h"; sourceTree = "<group>"; };
		D5CF8E712210D2E70076D5B2 /* BezierFunctions.m */ = {isa = PBXFileReference; fileEncoding = 4; lastKnownFileType = sourcecode.c.objc; path = BezierFunctions.m; sourceTree = "<group>"; };
		D5CF8E722210D2E70076D5B2 /* BaseGeometry.m */ = {isa = PBXFileReference; fileEncoding = 4; lastKnownFileType = sourcecode.c.objc; path = BaseGeometry.m; sourceTree = "<group>"; };
		D5CF8E732210D2E70076D5B2 /* BezierUtils.h */ = {isa = PBXFileReference; fileEncoding = 4; lastKnownFileType = sourcecode.c.h; path = BezierUtils.h; sourceTree = "<group>"; };
		D5CF8E742210D2E70076D5B2 /* UIBezierPath+Elements.h */ = {isa = PBXFileReference; fileEncoding = 4; lastKnownFileType = sourcecode.c.h; path = "UIBezierPath+Elements.h"; sourceTree = "<group>"; };
		D5CF8E752210D2E70076D5B2 /* Utility.m */ = {isa = PBXFileReference; fileEncoding = 4; lastKnownFileType = sourcecode.c.objc; path = Utility.m; sourceTree = "<group>"; };
		D5CF8E762210D2E70076D5B2 /* Utility.h */ = {isa = PBXFileReference; fileEncoding = 4; lastKnownFileType = sourcecode.c.h; path = Utility.h; sourceTree = "<group>"; };
		D5CF8E772210D2E70076D5B2 /* BezierUtils.m */ = {isa = PBXFileReference; fileEncoding = 4; lastKnownFileType = sourcecode.c.objc; path = BezierUtils.m; sourceTree = "<group>"; };
		D5CF8E782210D2E70076D5B2 /* module.modulemap */ = {isa = PBXFileReference; fileEncoding = 4; lastKnownFileType = "sourcecode.module-map"; path = module.modulemap; sourceTree = "<group>"; };
		D5CF8E792210D2E70076D5B2 /* UIBezierPath+Elements.m */ = {isa = PBXFileReference; fileEncoding = 4; lastKnownFileType = sourcecode.c.objc; path = "UIBezierPath+Elements.m"; sourceTree = "<group>"; };
/* End PBXFileReference section */

/* Begin PBXFrameworksBuildPhase section */
		BF6DBD7D1C109B9800FC37E0 /* Frameworks */ = {
			isa = PBXFrameworksBuildPhase;
			buildActionMask = 2147483647;
			files = (
			);
			runOnlyForDeploymentPostprocessing = 0;
		};
		D5A7EB4221FEFE12007BA30D /* Frameworks */ = {
			isa = PBXFrameworksBuildPhase;
			buildActionMask = 2147483647;
			files = (
			);
			runOnlyForDeploymentPostprocessing = 0;
		};
/* End PBXFrameworksBuildPhase section */

/* Begin PBXGroup section */
		BF6DBD771C109B9800FC37E0 = {
			isa = PBXGroup;
			children = (
				BF6DBD821C109B9800FC37E0 /* Canvas */,
				D5A7EB4621FEFE12007BA30D /* CanvasTestApp */,
				BF6DBD811C109B9800FC37E0 /* Products */,
			);
			sourceTree = "<group>";
		};
		BF6DBD811C109B9800FC37E0 /* Products */ = {
			isa = PBXGroup;
			children = (
				BF6DBD801C109B9800FC37E0 /* libCanvas.a */,
				D5A7EB4521FEFE12007BA30D /* CanvasTestApp.app */,
			);
			name = Products;
			sourceTree = "<group>";
		};
		BF6DBD821C109B9800FC37E0 /* Canvas */ = {
			isa = PBXGroup;
			children = (
				BF42575B1C16F61E00E15E71 /* module.modulemap */,
				BF42575A1C16EEAB00E15E71 /* Info.plist */,
				D5CF8E632210D2E60076D5B2 /* BaseGeometry.h */,
				D5CF8E722210D2E70076D5B2 /* BaseGeometry.m */,
				D5CF8E662210D2E60076D5B2 /* Bezier.h */,
				D5CF8E612210D2E60076D5B2 /* BezierElement.h */,
				D5CF8E6C2210D2E60076D5B2 /* BezierElement.m */,
				D5CF8E622210D2E60076D5B2 /* BezierFunctions.h */,
				D5CF8E712210D2E70076D5B2 /* BezierFunctions.m */,
				D5CF8E732210D2E70076D5B2 /* BezierUtils.h */,
				D5CF8E772210D2E70076D5B2 /* BezierUtils.m */,
				D5CF8E682210D2E60076D5B2 /* Drawing-Block.h */,
				D5CF8E602210D2E60076D5B2 /* Drawing-Block.m */,
				D5CF8E702210D2E60076D5B2 /* Drawing-Gradient.h */,
				D5CF8E6E2210D2E60076D5B2 /* Drawing-Gradient.m */,
				D5CF8E652210D2E60076D5B2 /* Drawing-Text.h */,
				D5CF8E692210D2E60076D5B2 /* Drawing-Text.m */,
				D5CF8E642210D2E60076D5B2 /* Drawing-Util.h */,
				D5CF8E6A2210D2E60076D5B2 /* Drawing-Util.m */,
				D5CF8E6F2210D2E60076D5B2 /* ImageUtils.h */,
				D5CF8E672210D2E60076D5B2 /* ImageUtils.m */,
				D5CF8E6B2210D2E60076D5B2 /* Info.plist */,
				D5CF8E782210D2E70076D5B2 /* module.modulemap */,
				D5CF8E742210D2E70076D5B2 /* UIBezierPath+Elements.h */,
				D5CF8E792210D2E70076D5B2 /* UIBezierPath+Elements.m */,
				D5CF8E6D2210D2E60076D5B2 /* UIBezierPath+Text.h */,
				D5CF8E5F2210D2E60076D5B2 /* UIBezierPath+Text.m */,
				D5CF8E762210D2E70076D5B2 /* Utility.h */,
				D5CF8E752210D2E70076D5B2 /* Utility.m */,
			);
			path = Canvas;
			sourceTree = "<group>";
		};
		D5A7EB4621FEFE12007BA30D /* CanvasTestApp */ = {
			isa = PBXGroup;
			children = (
				D5A7EB4721FEFE12007BA30D /* AppDelegate.h */,
				D5A7EB4821FEFE12007BA30D /* AppDelegate.m */,
				D5A7EB4A21FEFE12007BA30D /* ViewController.h */,
				D5A7EB4B21FEFE12007BA30D /* ViewController.m */,
				D5A7EB4D21FEFE12007BA30D /* Main.storyboard */,
				D5A7EB5021FEFE13007BA30D /* Assets.xcassets */,
				D5A7EB5221FEFE13007BA30D /* LaunchScreen.storyboard */,
				D5A7EB5521FEFE13007BA30D /* Info.plist */,
				D5A7EB5621FEFE13007BA30D /* main.m */,
			);
			path = CanvasTestApp;
			sourceTree = "<group>";
		};
/* End PBXGroup section */

/* Begin PBXNativeTarget section */
		BF6DBD7F1C109B9800FC37E0 /* Canvas */ = {
			isa = PBXNativeTarget;
			buildConfigurationList = BF6DBD891C109B9800FC37E0 /* Build configuration list for PBXNativeTarget "Canvas" */;
			buildPhases = (
				BF6DBD7C1C109B9800FC37E0 /* Sources */,
				BF6DBD7D1C109B9800FC37E0 /* Frameworks */,
				BF6DBD7E1C109B9800FC37E0 /* CopyFiles */,
			);
			buildRules = (
			);
			dependencies = (
			);
			name = Canvas;
			productName = canvas;
			productReference = BF6DBD801C109B9800FC37E0 /* libCanvas.a */;
			productType = "com.apple.product-type.library.static";
		};
		D5A7EB4421FEFE12007BA30D /* CanvasTestApp */ = {
			isa = PBXNativeTarget;
			buildConfigurationList = D5A7EB5821FEFE13007BA30D /* Build configuration list for PBXNativeTarget "CanvasTestApp" */;
			buildPhases = (
				D5A7EB4121FEFE12007BA30D /* Sources */,
				D5A7EB4221FEFE12007BA30D /* Frameworks */,
				D5A7EB4321FEFE12007BA30D /* Resources */,
			);
			buildRules = (
			);
			dependencies = (
			);
			name = CanvasTestApp;
			productName = OpenCVAdditionsTestApp;
			productReference = D5A7EB4521FEFE12007BA30D /* CanvasTestApp.app */;
			productType = "com.apple.product-type.application";
		};
/* End PBXNativeTarget section */

/* Begin PBXProject section */
		BF6DBD781C109B9800FC37E0 /* Project object */ = {
			isa = PBXProject;
			attributes = {
				LastUpgradeCheck = 1300;
				ORGANIZATIONNAME = "Stefan Dragnev";
				TargetAttributes = {
					BF6DBD7F1C109B9800FC37E0 = {
						CreatedOnToolsVersion = 7.1.1;
					};
					BF6DBD8C1C109BD100FC37E0 = {
						CreatedOnToolsVersion = 7.1.1;
					};
					D5A7EB4421FEFE12007BA30D = {
						CreatedOnToolsVersion = 10.1;
						ProvisioningStyle = Automatic;
					};
				};
			};
			buildConfigurationList = BF6DBD7B1C109B9800FC37E0 /* Build configuration list for PBXProject "Canvas" */;
			compatibilityVersion = "Xcode 3.2";
			developmentRegion = English;
			hasScannedForEncodings = 0;
			knownRegions = (
				English,
				en,
				Base,
			);
			mainGroup = BF6DBD771C109B9800FC37E0;
			productRefGroup = BF6DBD811C109B9800FC37E0 /* Products */;
			projectDirPath = "";
			projectRoot = "";
			targets = (
				BF6DBD7F1C109B9800FC37E0 /* Canvas */,
				BF6DBD8C1C109BD100FC37E0 /* universal */,
				D5A7EB4421FEFE12007BA30D /* CanvasTestApp */,
			);
		};
/* End PBXProject section */

/* Begin PBXResourcesBuildPhase section */
		D5A7EB4321FEFE12007BA30D /* Resources */ = {
			isa = PBXResourcesBuildPhase;
			buildActionMask = 2147483647;
			files = (
				D5A7EB5421FEFE13007BA30D /* LaunchScreen.storyboard in Resources */,
				D5A7EB5121FEFE13007BA30D /* Assets.xcassets in Resources */,
				D5A7EB4F21FEFE12007BA30D /* Main.storyboard in Resources */,
			);
			runOnlyForDeploymentPostprocessing = 0;
		};
/* End PBXResourcesBuildPhase section */

/* Begin PBXShellScriptBuildPhase section */
		BF6DBD901C109BED00FC37E0 /* ShellScript */ = {
			isa = PBXShellScriptBuildPhase;
			buildActionMask = 2147483647;
			files = (
			);
			inputPaths = (
			);
			outputPaths = (
			);
			runOnlyForDeploymentPostprocessing = 0;
			shellPath = /bin/sh;
			shellScript = "\nPROJECT_NAME=\"Canvas\"\n# define output folder environment variable\nUNIVERSAL_OUTPUTFOLDER=${PROJECT_DIR}/../../plugin/platforms/ios/${PROJECT_NAME}.framework\n\nrm -rf \"${BUILD_DIR}/${CONFIGURATION}-iphoneos/include/\"\n\n# Step 1. Build Device and Simulator versions\nxcodebuild -project ${PROJECT_NAME}.xcodeproj ONLY_ACTIVE_ARCH=NO -configuration ${CONFIGURATION} -sdk iphoneos OBJROOT=\"${OBJROOT}/DependentBuilds\" BUILD_DIR=\"${BUILD_DIR}\" BUILD_ROOT=\"${BUILD_ROOT}\"\nxcodebuild -project ${PROJECT_NAME}.xcodeproj -scheme OpenCVAdditions -configuration Debug ONLY_ACTIVE_ARCH=NO -sdk iphonesimulator OBJROOT=\"${OBJROOT}/DependentBuilds\" BUILD_DIR=\"${BUILD_DIR}\" BUILD_ROOT=\"${BUILD_ROOT}\"\n\n# make sure the output directory exists\n#mkdir -p \"${UNIVERSAL_OUTPUTFOLDER}\"\n\n# Step 2. Create universal binary file using lipo\n#lipo -create -output \"${UNIVERSAL_OUTPUTFOLDER}/${PROJECT_NAME}\" \"${BUILD_DIR}/${CONFIGURATION}-iphoneos/lib${PROJECT_NAME}.a\" \"${BUILD_DIR}/${CONFIGURATION}-iphonesimulator/lib${PROJECT_NAME}.a\"\n\n#cp \"${PROJECT_DIR}/${PROJECT_NAME}/Info.plist\" \"${UNIVERSAL_OUTPUTFOLDER}\"\n#mkdir -p \"${UNIVERSAL_OUTPUTFOLDER}/Modules\"\n#cp \"${PROJECT_DIR}/${PROJECT_NAME}/module.modulemap\" \"${UNIVERSAL_OUTPUTFOLDER}/Modules/\"\n\n#mkdir -p \"${UNIVERSAL_OUTPUTFOLDER}/Headers\"\n#rm -rf \"${UNIVERSAL_OUTPUTFOLDER}/Headers/\"*\n#cp -R \"${BUILD_DIR}/${CONFIGURATION}\"-iphoneos/include/${PROJECT_NAME}/* \"${UNIVERSAL_OUTPUTFOLDER}/Headers\"\n";
		};
/* End PBXShellScriptBuildPhase section */

/* Begin PBXSourcesBuildPhase section */
		BF6DBD7C1C109B9800FC37E0 /* Sources */ = {
			isa = PBXSourcesBuildPhase;
			buildActionMask = 2147483647;
			files = (
				D5CF8E852210D2E70076D5B2 /* UIBezierPath+Elements.m in Sources */,
				D5CF8E7A2210D2E70076D5B2 /* UIBezierPath+Text.m in Sources */,
				D5CF8E7B2210D2E70076D5B2 /* Drawing-Block.m in Sources */,
				D5CF8E7E2210D2E70076D5B2 /* Drawing-Util.m in Sources */,
				D5CF8E822210D2E70076D5B2 /* BaseGeometry.m in Sources */,
				D5CF8E802210D2E70076D5B2 /* Drawing-Gradient.m in Sources */,
				D5CF8E7F2210D2E70076D5B2 /* BezierElement.m in Sources */,
				D5CF8E832210D2E70076D5B2 /* Utility.m in Sources */,
				D5CF8E7C2210D2E70076D5B2 /* ImageUtils.m in Sources */,
				D5CF8E7D2210D2E70076D5B2 /* Drawing-Text.m in Sources */,
				D5CF8E842210D2E70076D5B2 /* BezierUtils.m in Sources */,
				D5CF8E812210D2E70076D5B2 /* BezierFunctions.m in Sources */,
			);
			runOnlyForDeploymentPostprocessing = 0;
		};
		D5A7EB4121FEFE12007BA30D /* Sources */ = {
			isa = PBXSourcesBuildPhase;
			buildActionMask = 2147483647;
			files = (
				D5A7EB4C21FEFE12007BA30D /* ViewController.m in Sources */,
				D5A7EB5721FEFE13007BA30D /* main.m in Sources */,
				D5A7EB4921FEFE12007BA30D /* AppDelegate.m in Sources */,
			);
			runOnlyForDeploymentPostprocessing = 0;
		};
/* End PBXSourcesBuildPhase section */

/* Begin PBXVariantGroup section */
		D5A7EB4D21FEFE12007BA30D /* Main.storyboard */ = {
			isa = PBXVariantGroup;
			children = (
				D5A7EB4E21FEFE12007BA30D /* Base */,
			);
			name = Main.storyboard;
			sourceTree = "<group>";
		};
		D5A7EB5221FEFE13007BA30D /* LaunchScreen.storyboard */ = {
			isa = PBXVariantGroup;
			children = (
				D5A7EB5321FEFE13007BA30D /* Base */,
			);
			name = LaunchScreen.storyboard;
			sourceTree = "<group>";
		};
/* End PBXVariantGroup section */

/* Begin XCBuildConfiguration section */
		BF6DBD871C109B9800FC37E0 /* Debug */ = {
			isa = XCBuildConfiguration;
			buildSettings = {
				ALWAYS_SEARCH_USER_PATHS = NO;
				CLANG_ANALYZER_LOCALIZABILITY_NONLOCALIZED = YES;
				CLANG_CXX_LANGUAGE_STANDARD = "gnu++0x";
				CLANG_CXX_LIBRARY = "libc++";
				CLANG_ENABLE_MODULES = YES;
				CLANG_ENABLE_OBJC_ARC = YES;
				CLANG_WARN_BLOCK_CAPTURE_AUTORELEASING = YES;
				CLANG_WARN_BOOL_CONVERSION = YES;
				CLANG_WARN_COMMA = YES;
				CLANG_WARN_CONSTANT_CONVERSION = YES;
				CLANG_WARN_DEPRECATED_OBJC_IMPLEMENTATIONS = YES;
				CLANG_WARN_DIRECT_OBJC_ISA_USAGE = YES_ERROR;
				CLANG_WARN_EMPTY_BODY = YES;
				CLANG_WARN_ENUM_CONVERSION = YES;
				CLANG_WARN_INFINITE_RECURSION = YES;
				CLANG_WARN_INT_CONVERSION = YES;
				CLANG_WARN_NON_LITERAL_NULL_CONVERSION = YES;
				CLANG_WARN_OBJC_IMPLICIT_RETAIN_SELF = YES;
				CLANG_WARN_OBJC_LITERAL_CONVERSION = YES;
				CLANG_WARN_OBJC_ROOT_CLASS = YES_ERROR;
				CLANG_WARN_QUOTED_INCLUDE_IN_FRAMEWORK_HEADER = YES;
				CLANG_WARN_RANGE_LOOP_ANALYSIS = YES;
				CLANG_WARN_STRICT_PROTOTYPES = YES;
				CLANG_WARN_SUSPICIOUS_MOVE = YES;
				CLANG_WARN_UNREACHABLE_CODE = YES;
				CLANG_WARN__DUPLICATE_METHOD_MATCH = YES;
				"CODE_SIGN_IDENTITY[sdk=iphoneos*]" = "iPhone Developer";
				COPY_PHASE_STRIP = NO;
				DEBUG_INFORMATION_FORMAT = dwarf;
				ENABLE_STRICT_OBJC_MSGSEND = YES;
				ENABLE_TESTABILITY = YES;
				GCC_C_LANGUAGE_STANDARD = gnu99;
				GCC_DYNAMIC_NO_PIC = NO;
				GCC_NO_COMMON_BLOCKS = YES;
				GCC_OPTIMIZATION_LEVEL = 0;
				GCC_PREPROCESSOR_DEFINITIONS = (
					"DEBUG=1",
					"$(inherited)",
				);
				GCC_WARN_64_TO_32_BIT_CONVERSION = YES;
				GCC_WARN_ABOUT_RETURN_TYPE = YES_ERROR;
				GCC_WARN_UNDECLARED_SELECTOR = YES;
				GCC_WARN_UNINITIALIZED_AUTOS = YES_AGGRESSIVE;
				GCC_WARN_UNUSED_FUNCTION = YES;
				GCC_WARN_UNUSED_VARIABLE = YES;
				IPHONEOS_DEPLOYMENT_TARGET = 12.0;
				MTL_ENABLE_DEBUG_INFO = YES;
				ONLY_ACTIVE_ARCH = YES;
				SDKROOT = iphoneos;
				VALID_ARCHS = "arm64 arm64e armv7 armv7s i386 x86_64";
			};
			name = Debug;
		};
		BF6DBD881C109B9800FC37E0 /* Release */ = {
			isa = XCBuildConfiguration;
			buildSettings = {
				ALWAYS_SEARCH_USER_PATHS = NO;
				CLANG_ANALYZER_LOCALIZABILITY_NONLOCALIZED = YES;
				CLANG_CXX_LANGUAGE_STANDARD = "gnu++0x";
				CLANG_CXX_LIBRARY = "libc++";
				CLANG_ENABLE_MODULES = YES;
				CLANG_ENABLE_OBJC_ARC = YES;
				CLANG_WARN_BLOCK_CAPTURE_AUTORELEASING = YES;
				CLANG_WARN_BOOL_CONVERSION = YES;
				CLANG_WARN_COMMA = YES;
				CLANG_WARN_CONSTANT_CONVERSION = YES;
				CLANG_WARN_DEPRECATED_OBJC_IMPLEMENTATIONS = YES;
				CLANG_WARN_DIRECT_OBJC_ISA_USAGE = YES_ERROR;
				CLANG_WARN_EMPTY_BODY = YES;
				CLANG_WARN_ENUM_CONVERSION = YES;
				CLANG_WARN_INFINITE_RECURSION = YES;
				CLANG_WARN_INT_CONVERSION = YES;
				CLANG_WARN_NON_LITERAL_NULL_CONVERSION = YES;
				CLANG_WARN_OBJC_IMPLICIT_RETAIN_SELF = YES;
				CLANG_WARN_OBJC_LITERAL_CONVERSION = YES;
				CLANG_WARN_OBJC_ROOT_CLASS = YES_ERROR;
				CLANG_WARN_QUOTED_INCLUDE_IN_FRAMEWORK_HEADER = YES;
				CLANG_WARN_RANGE_LOOP_ANALYSIS = YES;
				CLANG_WARN_STRICT_PROTOTYPES = YES;
				CLANG_WARN_SUSPICIOUS_MOVE = YES;
				CLANG_WARN_UNREACHABLE_CODE = YES;
				CLANG_WARN__DUPLICATE_METHOD_MATCH = YES;
				"CODE_SIGN_IDENTITY[sdk=iphoneos*]" = "iPhone Developer";
				COPY_PHASE_STRIP = NO;
				DEBUG_INFORMATION_FORMAT = "dwarf-with-dsym";
				ENABLE_NS_ASSERTIONS = NO;
				ENABLE_STRICT_OBJC_MSGSEND = YES;
				GCC_C_LANGUAGE_STANDARD = gnu99;
				GCC_NO_COMMON_BLOCKS = YES;
				GCC_WARN_64_TO_32_BIT_CONVERSION = YES;
				GCC_WARN_ABOUT_RETURN_TYPE = YES_ERROR;
				GCC_WARN_UNDECLARED_SELECTOR = YES;
				GCC_WARN_UNINITIALIZED_AUTOS = YES_AGGRESSIVE;
				GCC_WARN_UNUSED_FUNCTION = YES;
				GCC_WARN_UNUSED_VARIABLE = YES;
				IPHONEOS_DEPLOYMENT_TARGET = 12.0;
				MTL_ENABLE_DEBUG_INFO = NO;
				SDKROOT = iphoneos;
				VALIDATE_PRODUCT = YES;
				VALID_ARCHS = "arm64 arm64e armv7 armv7s i386 x86_64";
			};
			name = Release;
		};
		BF6DBD8A1C109B9800FC37E0 /* Debug */ = {
			isa = XCBuildConfiguration;
			buildSettings = {
				PRODUCT_NAME = "$(TARGET_NAME)";
				SKIP_INSTALL = YES;
			};
			name = Debug;
		};
		BF6DBD8B1C109B9800FC37E0 /* Release */ = {
			isa = XCBuildConfiguration;
			buildSettings = {
				PRODUCT_NAME = "$(TARGET_NAME)";
				SKIP_INSTALL = YES;
			};
			name = Release;
		};
		BF6DBD8E1C109BD100FC37E0 /* Debug */ = {
			isa = XCBuildConfiguration;
			buildSettings = {
				CONFIGURATION_BUILD_DIR = "$(BUILD_DIR)/$(CONFIGURATION)$(EFFECTIVE_PLATFORM_NAME)";
				PRODUCT_NAME = "$(TARGET_NAME)";
			};
			name = Debug;
		};
		BF6DBD8F1C109BD100FC37E0 /* Release */ = {
			isa = XCBuildConfiguration;
			buildSettings = {
				PRODUCT_NAME = "$(TARGET_NAME)";
			};
			name = Release;
		};
		D5A7EB5921FEFE13007BA30D /* Debug */ = {
			isa = XCBuildConfiguration;
			buildSettings = {
				ASSETCATALOG_COMPILER_APPICON_NAME = AppIcon;
				CLANG_ANALYZER_NONNULL = YES;
				CLANG_ANALYZER_NUMBER_OBJECT_CONVERSION = YES_AGGRESSIVE;
				CLANG_CXX_LANGUAGE_STANDARD = "gnu++14";
				CLANG_ENABLE_OBJC_WEAK = YES;
				CLANG_WARN_BLOCK_CAPTURE_AUTORELEASING = YES;
				CLANG_WARN_COMMA = YES;
				CLANG_WARN_DEPRECATED_OBJC_IMPLEMENTATIONS = YES;
				CLANG_WARN_DOCUMENTATION_COMMENTS = YES;
				CLANG_WARN_INFINITE_RECURSION = YES;
				CLANG_WARN_NON_LITERAL_NULL_CONVERSION = YES;
				CLANG_WARN_OBJC_IMPLICIT_RETAIN_SELF = YES;
				CLANG_WARN_OBJC_LITERAL_CONVERSION = YES;
				CLANG_WARN_RANGE_LOOP_ANALYSIS = YES;
				CLANG_WARN_STRICT_PROTOTYPES = YES;
				CLANG_WARN_SUSPICIOUS_MOVE = YES;
				CLANG_WARN_UNGUARDED_AVAILABILITY = YES_AGGRESSIVE;
				CODE_SIGN_IDENTITY = "iPhone Developer";
				CODE_SIGN_STYLE = Automatic;
				GCC_C_LANGUAGE_STANDARD = gnu11;
				INFOPLIST_FILE = OpenCVAdditionsTestApp/Info.plist;
				IPHONEOS_DEPLOYMENT_TARGET = 12.1;
				LD_RUNPATH_SEARCH_PATHS = "$(inherited) @executable_path/Frameworks";
				MTL_ENABLE_DEBUG_INFO = INCLUDE_SOURCE;
				MTL_FAST_MATH = YES;
				PRODUCT_BUNDLE_IDENTIFIER = com.nativescript.OpenCVAdditionsTestApp;
				PRODUCT_NAME = "$(TARGET_NAME)";
				TARGETED_DEVICE_FAMILY = "1,2";
			};
			name = Debug;
		};
		D5A7EB5A21FEFE13007BA30D /* Release */ = {
			isa = XCBuildConfiguration;
			buildSettings = {
				ASSETCATALOG_COMPILER_APPICON_NAME = AppIcon;
				CLANG_ANALYZER_NONNULL = YES;
				CLANG_ANALYZER_NUMBER_OBJECT_CONVERSION = YES_AGGRESSIVE;
				CLANG_CXX_LANGUAGE_STANDARD = "gnu++14";
				CLANG_ENABLE_OBJC_WEAK = YES;
				CLANG_WARN_BLOCK_CAPTURE_AUTORELEASING = YES;
				CLANG_WARN_COMMA = YES;
				CLANG_WARN_DEPRECATED_OBJC_IMPLEMENTATIONS = YES;
				CLANG_WARN_DOCUMENTATION_COMMENTS = YES;
				CLANG_WARN_INFINITE_RECURSION = YES;
				CLANG_WARN_NON_LITERAL_NULL_CONVERSION = YES;
				CLANG_WARN_OBJC_IMPLICIT_RETAIN_SELF = YES;
				CLANG_WARN_OBJC_LITERAL_CONVERSION = YES;
				CLANG_WARN_RANGE_LOOP_ANALYSIS = YES;
				CLANG_WARN_STRICT_PROTOTYPES = YES;
				CLANG_WARN_SUSPICIOUS_MOVE = YES;
				CLANG_WARN_UNGUARDED_AVAILABILITY = YES_AGGRESSIVE;
				CODE_SIGN_IDENTITY = "iPhone Developer";
				CODE_SIGN_STYLE = Automatic;
				GCC_C_LANGUAGE_STANDARD = gnu11;
				INFOPLIST_FILE = OpenCVAdditionsTestApp/Info.plist;
				IPHONEOS_DEPLOYMENT_TARGET = 12.1;
				LD_RUNPATH_SEARCH_PATHS = "$(inherited) @executable_path/Frameworks";
				MTL_FAST_MATH = YES;
				PRODUCT_BUNDLE_IDENTIFIER = com.nativescript.OpenCVAdditionsTestApp;
				PRODUCT_NAME = "$(TARGET_NAME)";
				TARGETED_DEVICE_FAMILY = "1,2";
			};
			name = Release;
		};
/* End XCBuildConfiguration section */

/* Begin XCConfigurationList section */
		BF6DBD7B1C109B9800FC37E0 /* Build configuration list for PBXProject "Canvas" */ = {
			isa = XCConfigurationList;
			buildConfigurations = (
				BF6DBD871C109B9800FC37E0 /* Debug */,
				BF6DBD881C109B9800FC37E0 /* Release */,
			);
			defaultConfigurationIsVisible = 0;
			defaultConfigurationName = Release;
		};
		BF6DBD891C109B9800FC37E0 /* Build configuration list for PBXNativeTarget "Canvas" */ = {
			isa = XCConfigurationList;
			buildConfigurations = (
				BF6DBD8A1C109B9800FC37E0 /* Debug */,
				BF6DBD8B1C109B9800FC37E0 /* Release */,
			);
			defaultConfigurationIsVisible = 0;
			defaultConfigurationName = Release;
		};
		BF6DBD8D1C109BD100FC37E0 /* Build configuration list for PBXAggregateTarget "universal" */ = {
			isa = XCConfigurationList;
			buildConfigurations = (
				BF6DBD8E1C109BD100FC37E0 /* Debug */,
				BF6DBD8F1C109BD100FC37E0 /* Release */,
			);
			defaultConfigurationIsVisible = 0;
			defaultConfigurationName = Release;
		};
		D5A7EB5821FEFE13007BA30D /* Build configuration list for PBXNativeTarget "CanvasTestApp" */ = {
			isa = XCConfigurationList;
			buildConfigurations = (
				D5A7EB5921FEFE13007BA30D /* Debug */,
				D5A7EB5A21FEFE13007BA30D /* Release */,
			);
			defaultConfigurationIsVisible = 0;
			defaultConfigurationName = Release;
		};
/* End XCConfigurationList section */
	};
	rootObject = BF6DBD781C109B9800FC37E0 /* Project object */;
}
